
Microsoft Visual Studio Solution File, Format Version 12.00
# Visual Studio 15
VisualStudioVersion = 15.0.28307.329
MinimumVisualStudioVersion = 10.0.40219.1
Project("{9A19103F-16F7-4668-BE54-9A1E7A4F7556}") = "Atividade1", "Atividade1.csproj", "{034B6B02-6F9A-41CD-9521-CDEB29639755}"
EndProject
Global
	GlobalSection(SolutionConfigurationPlatforms) = preSolution
		Debug|Any CPU = Debug|Any CPU
		Release|Any CPU = Release|Any CPU
	EndGlobalSection
	GlobalSection(ProjectConfigurationPlatforms) = postSolution
		{034B6B02-6F9A-41CD-9521-CDEB29639755}.Debug|Any CPU.ActiveCfg = Debug|Any CPU
		{034B6B02-6F9A-41CD-9521-CDEB29639755}.Debug|Any CPU.Build.0 = Debug|Any CPU
		{034B6B02-6F9A-41CD-9521-CDEB29639755}.Release|Any CPU.ActiveCfg = Release|Any CPU
		{034B6B02-6F9A-41CD-9521-CDEB29639755}.Release|Any CPU.Build.0 = Release|Any CPU
	EndGlobalSection
	GlobalSection(SolutionProperties) = preSolution
		HideSolutionNode = FALSE
	EndGlobalSection
	GlobalSection(ExtensibilityGlobals) = postSolution
		SolutionGuid = {A1AD1AEB-4DE6-4ED4-AD02-0C4235F81431}
	EndGlobalSection
EndGlobal
